
Microsoft Visual Studio Solution File, Format Version 12.00
# Visual Studio Version 17
VisualStudioVersion = 17.4.33213.308
MinimumVisualStudioVersion = 10.0.40219.1
Project("{FAE04EC0-301F-11D3-BF4B-00C04F79EFBC}") = "FileIOSimple2023", "FileIOSimple2023.csproj", "{C09CD13D-FBB3-48B0-B23A-8C63EA3E9C6D}"
EndProject
Global
	GlobalSection(SolutionConfigurationPlatforms) = preSolution
		Debug|Any CPU = Debug|Any CPU
		Release|Any CPU = Release|Any CPU
	EndGlobalSection
	GlobalSection(ProjectConfigurationPlatforms) = postSolution
		{C09CD13D-FBB3-48B0-B23A-8C63EA3E9C6D}.Debug|Any CPU.ActiveCfg = Debug|Any CPU
		{C09CD13D-FBB3-48B0-B23A-8C63EA3E9C6D}.Debug|Any CPU.Build.0 = Debug|Any CPU
		{C09CD13D-FBB3-48B0-B23A-8C63EA3E9C6D}.Release|Any CPU.ActiveCfg = Release|Any CPU
		{C09CD13D-FBB3-48B0-B23A-8C63EA3E9C6D}.Release|Any CPU.Build.0 = Release|Any CPU
	EndGlobalSection
	GlobalSection(SolutionProperties) = preSolution
		HideSolutionNode = FALSE
	EndGlobalSection
	GlobalSection(ExtensibilityGlobals) = postSolution
		SolutionGuid = {EC501EF2-F942-44F6-937E-E8F48D1E27EC}
	EndGlobalSection
EndGlobal
