
Microsoft Visual Studio Solution File, Format Version 12.00
# Visual Studio Version 17
VisualStudioVersion = 17.4.33213.308
MinimumVisualStudioVersion = 10.0.40219.1
Project("{FAE04EC0-301F-11D3-BF4B-00C04F79EFBC}") = "Debug_Exceptions2023", "Debug_Exceptions2023.csproj", "{E93ADAF7-D6F4-431D-9531-7218B7F9C82D}"
EndProject
Global
	GlobalSection(SolutionConfigurationPlatforms) = preSolution
		Debug|Any CPU = Debug|Any CPU
		Release|Any CPU = Release|Any CPU
	EndGlobalSection
	GlobalSection(ProjectConfigurationPlatforms) = postSolution
		{E93ADAF7-D6F4-431D-9531-7218B7F9C82D}.Debug|Any CPU.ActiveCfg = Debug|Any CPU
		{E93ADAF7-D6F4-431D-9531-7218B7F9C82D}.Debug|Any CPU.Build.0 = Debug|Any CPU
		{E93ADAF7-D6F4-431D-9531-7218B7F9C82D}.Release|Any CPU.ActiveCfg = Release|Any CPU
		{E93ADAF7-D6F4-431D-9531-7218B7F9C82D}.Release|Any CPU.Build.0 = Release|Any CPU
	EndGlobalSection
	GlobalSection(SolutionProperties) = preSolution
		HideSolutionNode = FALSE
	EndGlobalSection
	GlobalSection(ExtensibilityGlobals) = postSolution
		SolutionGuid = {EBA468EA-6499-4FCA-A790-DC3E7015E5C8}
	EndGlobalSection
EndGlobal
