
Microsoft Visual Studio Solution File, Format Version 12.00
# Visual Studio Version 17
VisualStudioVersion = 17.4.33213.308
MinimumVisualStudioVersion = 10.0.40219.1
Project("{FAE04EC0-301F-11D3-BF4B-00C04F79EFBC}") = "FileIODeserialization2023", "FileIODeserialization2023.csproj", "{5ACA1221-1D72-4E05-88D2-239956E12623}"
EndProject
Global
	GlobalSection(SolutionConfigurationPlatforms) = preSolution
		Debug|Any CPU = Debug|Any CPU
		Release|Any CPU = Release|Any CPU
	EndGlobalSection
	GlobalSection(ProjectConfigurationPlatforms) = postSolution
		{5ACA1221-1D72-4E05-88D2-239956E12623}.Debug|Any CPU.ActiveCfg = Debug|Any CPU
		{5ACA1221-1D72-4E05-88D2-239956E12623}.Debug|Any CPU.Build.0 = Debug|Any CPU
		{5ACA1221-1D72-4E05-88D2-239956E12623}.Release|Any CPU.ActiveCfg = Release|Any CPU
		{5ACA1221-1D72-4E05-88D2-239956E12623}.Release|Any CPU.Build.0 = Release|Any CPU
	EndGlobalSection
	GlobalSection(SolutionProperties) = preSolution
		HideSolutionNode = FALSE
	EndGlobalSection
	GlobalSection(ExtensibilityGlobals) = postSolution
		SolutionGuid = {D1813071-CDFD-4537-AAF2-35D7C5F95CAC}
	EndGlobalSection
EndGlobal
