
Microsoft Visual Studio Solution File, Format Version 12.00
# Visual Studio Version 17
VisualStudioVersion = 17.2.32630.192
MinimumVisualStudioVersion = 10.0.40219.1
Project("{FAE04EC0-301F-11D3-BF4B-00C04F79EFBC}") = "MVC7_18_22", "MVC7_18_22.csproj", "{D4E533AF-E4CD-41D7-8E06-FB5111B9F7F4}"
EndProject
Global
	GlobalSection(SolutionConfigurationPlatforms) = preSolution
		Debug|Any CPU = Debug|Any CPU
		Release|Any CPU = Release|Any CPU
	EndGlobalSection
	GlobalSection(ProjectConfigurationPlatforms) = postSolution
		{D4E533AF-E4CD-41D7-8E06-FB5111B9F7F4}.Debug|Any CPU.ActiveCfg = Debug|Any CPU
		{D4E533AF-E4CD-41D7-8E06-FB5111B9F7F4}.Debug|Any CPU.Build.0 = Debug|Any CPU
		{D4E533AF-E4CD-41D7-8E06-FB5111B9F7F4}.Release|Any CPU.ActiveCfg = Release|Any CPU
		{D4E533AF-E4CD-41D7-8E06-FB5111B9F7F4}.Release|Any CPU.Build.0 = Release|Any CPU
	EndGlobalSection
	GlobalSection(SolutionProperties) = preSolution
		HideSolutionNode = FALSE
	EndGlobalSection
	GlobalSection(ExtensibilityGlobals) = postSolution
		SolutionGuid = {BA612D34-A2F4-4D41-80AF-2E857D28C606}
	EndGlobalSection
EndGlobal
