
Microsoft Visual Studio Solution File, Format Version 12.00
# Visual Studio Version 17
VisualStudioVersion = 17.2.32630.192
MinimumVisualStudioVersion = 10.0.40219.1
Project("{FAE04EC0-301F-11D3-BF4B-00C04F79EFBC}") = "MVCWebApp2", "MVCWebApp2.csproj", "{B6C7E242-5778-4F11-800C-FF7739158C7B}"
EndProject
Global
	GlobalSection(SolutionConfigurationPlatforms) = preSolution
		Debug|Any CPU = Debug|Any CPU
		Release|Any CPU = Release|Any CPU
	EndGlobalSection
	GlobalSection(ProjectConfigurationPlatforms) = postSolution
		{B6C7E242-5778-4F11-800C-FF7739158C7B}.Debug|Any CPU.ActiveCfg = Debug|Any CPU
		{B6C7E242-5778-4F11-800C-FF7739158C7B}.Debug|Any CPU.Build.0 = Debug|Any CPU
		{B6C7E242-5778-4F11-800C-FF7739158C7B}.Release|Any CPU.ActiveCfg = Release|Any CPU
		{B6C7E242-5778-4F11-800C-FF7739158C7B}.Release|Any CPU.Build.0 = Release|Any CPU
	EndGlobalSection
	GlobalSection(SolutionProperties) = preSolution
		HideSolutionNode = FALSE
	EndGlobalSection
	GlobalSection(ExtensibilityGlobals) = postSolution
		SolutionGuid = {691F9C31-F50C-4F3D-A55E-DDEF7FD0D9F3}
	EndGlobalSection
EndGlobal
